<Solution>
  <Configurations>
    <Platform Name="ARM64" />
    <Platform Name="x64" />
    <Platform Name="x86" />
  </Configurations>
  <Folder Name="/Solution Items/">
    <File Path="../CS243/week2/PersonalRepo/src/WH40KDataSheetParser.py" />
    <File Path="../CS243/week2/PersonalRepo/src/WH40KDataSheetViewer.py" />
    <File Path="../CS243/week2/PersonalRepo/src/WH40KModels.py" />
    <File Path="../CS243/week2/PersonalRepo/src/WH40KRosterHandler.py" />
  </Folder>
  <Project Path="40KArmyTracker/GW40KArmyTracker.csproj">
    <Platform Solution="*|ARM64" Project="ARM64" />
    <Platform Solution="*|x64" Project="x64" />
    <Platform Solution="*|x86" Project="x86" />
  </Project>
</Solution>
